// !$*UTF8*$!
{
	archiveVersion = 1;
	classes = {
	};
	objectVersion = 56;
	objects = {

/* Begin PBXBuildFile section */
		2250E59C2A1221CD00D001D2 /* AppDelegate.swift in Sources */ = {isa = PBXBuildFile; fileRef = 2250E59B2A1221CD00D001D2 /* AppDelegate.swift */; };
		2250E59E2A1221CD00D001D2 /* SceneDelegate.swift in Sources */ = {isa = PBXBuildFile; fileRef = 2250E59D2A1221CD00D001D2 /* SceneDelegate.swift */; };
		2250E5A02A1221CD00D001D2 /* HomeViewController.swift in Sources */ = {isa = PBXBuildFile; fileRef = 2250E59F2A1221CD00D001D2 /* HomeViewController.swift */; };
		2250E5A32A1221CD00D001D2 /* Main.storyboard in Resources */ = {isa = PBXBuildFile; fileRef = 2250E5A12A1221CD00D001D2 /* Main.storyboard */; };
		2250E5A52A1221CE00D001D2 /* Assets.xcassets in Resources */ = {isa = PBXBuildFile; fileRef = 2250E5A42A1221CE00D001D2 /* Assets.xcassets */; };
		2250E5A82A1221CE00D001D2 /* LaunchScreen.storyboard in Resources */ = {isa = PBXBuildFile; fileRef = 2250E5A62A1221CE00D001D2 /* LaunchScreen.storyboard */; };
		2250E5B02A13830F00D001D2 /* LoginViewContoller.swift in Sources */ = {isa = PBXBuildFile; fileRef = 2250E5AF2A13830F00D001D2 /* LoginViewContoller.swift */; };
		2250E5B42A13838D00D001D2 /* AuthViewModel.swift in Sources */ = {isa = PBXBuildFile; fileRef = 2250E5B32A13838D00D001D2 /* AuthViewModel.swift */; };
		2250E5B72A1383B500D001D2 /* Article.swift in Sources */ = {isa = PBXBuildFile; fileRef = 2250E5B62A1383B500D001D2 /* Article.swift */; };
		2250E5BA2A1387DD00D001D2 /* GoogleService-Info.plist in Resources */ = {isa = PBXBuildFile; fileRef = 2250E5B92A1387DD00D001D2 /* GoogleService-Info.plist */; };
		2250E5C12A13885800D001D2 /* FirebaseAuth in Frameworks */ = {isa = PBXBuildFile; productRef = 2250E5C02A13885800D001D2 /* FirebaseAuth */; };
		2250E5C52A13885800D001D2 /* FirebaseFirestore in Frameworks */ = {isa = PBXBuildFile; productRef = 2250E5C42A13885800D001D2 /* FirebaseFirestore */; };
		2250E5C92A13885800D001D2 /* FirebaseFirestoreSwift in Frameworks */ = {isa = PBXBuildFile; productRef = 2250E5C82A13885800D001D2 /* FirebaseFirestoreSwift */; };
		2250E5CB2A13885800D001D2 /* FirebaseStorage in Frameworks */ = {isa = PBXBuildFile; productRef = 2250E5CA2A13885800D001D2 /* FirebaseStorage */; };
		2250E5D02A13916F00D001D2 /* CryptoUtil.swift in Sources */ = {isa = PBXBuildFile; fileRef = 2250E5CF2A13916F00D001D2 /* CryptoUtil.swift */; };
		2250E5D32A13A13700D001D2 /* AuthService.swift in Sources */ = {isa = PBXBuildFile; fileRef = 2250E5D22A13A13700D001D2 /* AuthService.swift */; };
		2250E5D62A13A19700D001D2 /* GoogleSignIn in Frameworks */ = {isa = PBXBuildFile; productRef = 2250E5D52A13A19700D001D2 /* GoogleSignIn */; };
		2250E5D82A13A19700D001D2 /* GoogleSignInSwift in Frameworks */ = {isa = PBXBuildFile; productRef = 2250E5D72A13A19700D001D2 /* GoogleSignInSwift */; };
		2250E5DA2A14EEB900D001D2 /* StorageService.swift in Sources */ = {isa = PBXBuildFile; fileRef = 2250E5D92A14EEB900D001D2 /* StorageService.swift */; };
		2250E5DE2A16093E00D001D2 /* DiaryViewController.swift in Sources */ = {isa = PBXBuildFile; fileRef = 2250E5DD2A16093E00D001D2 /* DiaryViewController.swift */; };
		2250E5E02A162F2100D001D2 /* HomeViewModel.swift in Sources */ = {isa = PBXBuildFile; fileRef = 2250E5DF2A162F2100D001D2 /* HomeViewModel.swift */; };
		2250E5F22A1CB2CB00D001D2 /* DetailView.swift in Sources */ = {isa = PBXBuildFile; fileRef = 2250E5F12A1CB2CB00D001D2 /* DetailView.swift */; };
		2274C7292A1DF26600233B70 /* Date+.swift in Sources */ = {isa = PBXBuildFile; fileRef = 2274C7282A1DF26600233B70 /* Date+.swift */; };
		2274C72B2A1E001800233B70 /* String+.swift in Sources */ = {isa = PBXBuildFile; fileRef = 2274C72A2A1E001800233B70 /* String+.swift */; };
		2274C72E2A1E05E600233B70 /* AddView.swift in Sources */ = {isa = PBXBuildFile; fileRef = 2274C72D2A1E05E600233B70 /* AddView.swift */; };
		2274C7302A1E18B000233B70 /* SettingsView.swift in Sources */ = {isa = PBXBuildFile; fileRef = 2274C72F2A1E18B000233B70 /* SettingsView.swift */; };
		22DFC26B2A1F9C4100B4869A /* InfoView.swift in Sources */ = {isa = PBXBuildFile; fileRef = 22DFC26A2A1F9C4100B4869A /* InfoView.swift */; };
		22DFC26D2A20971300B4869A /* ArticleHeaderView.swift in Sources */ = {isa = PBXBuildFile; fileRef = 22DFC26C2A20971300B4869A /* ArticleHeaderView.swift */; };
/* End PBXBuildFile section */

/* Begin PBXFileReference section */
		2250E5982A1221CD00D001D2 /* DailyRecord.app */ = {isa = PBXFileReference; explicitFileType = wrapper.application; includeInIndex = 0; path = DailyRecord.app; sourceTree = BUILT_PRODUCTS_DIR; };
		2250E59B2A1221CD00D001D2 /* AppDelegate.swift */ = {isa = PBXFileReference; lastKnownFileType = sourcecode.swift; path = AppDelegate.swift; sourceTree = "<group>"; };
		2250E59D2A1221CD00D001D2 /* SceneDelegate.swift */ = {isa = PBXFileReference; lastKnownFileType = sourcecode.swift; path = SceneDelegate.swift; sourceTree = "<group>"; };
		2250E59F2A1221CD00D001D2 /* HomeViewController.swift */ = {isa = PBXFileReference; lastKnownFileType = sourcecode.swift; path = HomeViewController.swift; sourceTree = "<group>"; };
		2250E5A22A1221CD00D001D2 /* Base */ = {isa = PBXFileReference; lastKnownFileType = file.storyboard; name = Base; path = Base.lproj/Main.storyboard; sourceTree = "<group>"; };
		2250E5A42A1221CE00D001D2 /* Assets.xcassets */ = {isa = PBXFileReference; lastKnownFileType = folder.assetcatalog; path = Assets.xcassets; sourceTree = "<group>"; };
		2250E5A72A1221CE00D001D2 /* Base */ = {isa = PBXFileReference; lastKnownFileType = file.storyboard; name = Base; path = Base.lproj/LaunchScreen.storyboard; sourceTree = "<group>"; };
		2250E5A92A1221CE00D001D2 /* Info.plist */ = {isa = PBXFileReference; lastKnownFileType = text.plist.xml; path = Info.plist; sourceTree = "<group>"; };
		2250E5AF2A13830F00D001D2 /* LoginViewContoller.swift */ = {isa = PBXFileReference; lastKnownFileType = sourcecode.swift; path = LoginViewContoller.swift; sourceTree = "<group>"; };
		2250E5B32A13838D00D001D2 /* AuthViewModel.swift */ = {isa = PBXFileReference; lastKnownFileType = sourcecode.swift; path = AuthViewModel.swift; sourceTree = "<group>"; };
		2250E5B62A1383B500D001D2 /* Article.swift */ = {isa = PBXFileReference; lastKnownFileType = sourcecode.swift; path = Article.swift; sourceTree = "<group>"; };
		2250E5B92A1387DD00D001D2 /* GoogleService-Info.plist */ = {isa = PBXFileReference; fileEncoding = 4; lastKnownFileType = text.plist.xml; path = "GoogleService-Info.plist"; sourceTree = "<group>"; };
		2250E5CE2A138A1500D001D2 /* DailyRecord.entitlements */ = {isa = PBXFileReference; lastKnownFileType = text.plist.entitlements; path = DailyRecord.entitlements; sourceTree = "<group>"; };
		2250E5CF2A13916F00D001D2 /* CryptoUtil.swift */ = {isa = PBXFileReference; lastKnownFileType = sourcecode.swift; path = CryptoUtil.swift; sourceTree = "<group>"; };
		2250E5D22A13A13700D001D2 /* AuthService.swift */ = {isa = PBXFileReference; lastKnownFileType = sourcecode.swift; path = AuthService.swift; sourceTree = "<group>"; };
		2250E5D92A14EEB900D001D2 /* StorageService.swift */ = {isa = PBXFileReference; lastKnownFileType = sourcecode.swift; path = StorageService.swift; sourceTree = "<group>"; };
		2250E5DD2A16093E00D001D2 /* DiaryViewController.swift */ = {isa = PBXFileReference; lastKnownFileType = sourcecode.swift; path = DiaryViewController.swift; sourceTree = "<group>"; };
		2250E5DF2A162F2100D001D2 /* HomeViewModel.swift */ = {isa = PBXFileReference; lastKnownFileType = sourcecode.swift; path = HomeViewModel.swift; sourceTree = "<group>"; };
		2250E5F12A1CB2CB00D001D2 /* DetailView.swift */ = {isa = PBXFileReference; lastKnownFileType = sourcecode.swift; path = DetailView.swift; sourceTree = "<group>"; };
		2274C7282A1DF26600233B70 /* Date+.swift */ = {isa = PBXFileReference; lastKnownFileType = sourcecode.swift; path = "Date+.swift"; sourceTree = "<group>"; };
		2274C72A2A1E001800233B70 /* String+.swift */ = {isa = PBXFileReference; lastKnownFileType = sourcecode.swift; path = "String+.swift"; sourceTree = "<group>"; };
		2274C72D2A1E05E600233B70 /* AddView.swift */ = {isa = PBXFileReference; lastKnownFileType = sourcecode.swift; path = AddView.swift; sourceTree = "<group>"; };
		2274C72F2A1E18B000233B70 /* SettingsView.swift */ = {isa = PBXFileReference; lastKnownFileType = sourcecode.swift; path = SettingsView.swift; sourceTree = "<group>"; };
		22DFC26A2A1F9C4100B4869A /* InfoView.swift */ = {isa = PBXFileReference; lastKnownFileType = sourcecode.swift; path = InfoView.swift; sourceTree = "<group>"; };
		22DFC26C2A20971300B4869A /* ArticleHeaderView.swift */ = {isa = PBXFileReference; lastKnownFileType = sourcecode.swift; path = ArticleHeaderView.swift; sourceTree = "<group>"; };
/* End PBXFileReference section */

/* Begin PBXFrameworksBuildPhase section */
		2250E5952A1221CD00D001D2 /* Frameworks */ = {
			isa = PBXFrameworksBuildPhase;
			buildActionMask = 2147483647;
			files = (
				2250E5C12A13885800D001D2 /* FirebaseAuth in Frameworks */,
				2250E5C92A13885800D001D2 /* FirebaseFirestoreSwift in Frameworks */,
				2250E5D62A13A19700D001D2 /* GoogleSignIn in Frameworks */,
				2250E5CB2A13885800D001D2 /* FirebaseStorage in Frameworks */,
				2250E5C52A13885800D001D2 /* FirebaseFirestore in Frameworks */,
				2250E5D82A13A19700D001D2 /* GoogleSignInSwift in Frameworks */,
			);
			runOnlyForDeploymentPostprocessing = 0;
		};
/* End PBXFrameworksBuildPhase section */

/* Begin PBXGroup section */
		2250E58F2A1221CD00D001D2 = {
			isa = PBXGroup;
			children = (
				2250E59A2A1221CD00D001D2 /* DailyRecord */,
				2250E5992A1221CD00D001D2 /* Products */,
			);
			sourceTree = "<group>";
		};
		2250E5992A1221CD00D001D2 /* Products */ = {
			isa = PBXGroup;
			children = (
				2250E5982A1221CD00D001D2 /* DailyRecord.app */,
			);
			name = Products;
			sourceTree = "<group>";
		};
		2250E59A2A1221CD00D001D2 /* DailyRecord */ = {
			isa = PBXGroup;
			children = (
				2250E5CE2A138A1500D001D2 /* DailyRecord.entitlements */,
				2250E59B2A1221CD00D001D2 /* AppDelegate.swift */,
				2250E59D2A1221CD00D001D2 /* SceneDelegate.swift */,
				2274C72C2A1E001C00233B70 /* Utils */,
				2250E5D12A13A10700D001D2 /* Service */,
				2250E5B82A1383EE00D001D2 /* Models */,
				2250E5B52A1383A700D001D2 /* ViewModels */,
				2250E5B22A13837D00D001D2 /* Views */,
				2250E5B12A13836A00D001D2 /* ViewControllers */,
				2250E5A42A1221CE00D001D2 /* Assets.xcassets */,
				2250E5A62A1221CE00D001D2 /* LaunchScreen.storyboard */,
				2250E5A92A1221CE00D001D2 /* Info.plist */,
				2250E5B92A1387DD00D001D2 /* GoogleService-Info.plist */,
			);
			path = DailyRecord;
			sourceTree = "<group>";
		};
		2250E5B12A13836A00D001D2 /* ViewControllers */ = {
			isa = PBXGroup;
			children = (
				2250E5EE2A19FA4300D001D2 /* SwiftUI */,
				2250E5AF2A13830F00D001D2 /* LoginViewContoller.swift */,
				2250E59F2A1221CD00D001D2 /* HomeViewController.swift */,
				2250E5DD2A16093E00D001D2 /* DiaryViewController.swift */,
			);
			path = ViewControllers;
			sourceTree = "<group>";
		};
		2250E5B22A13837D00D001D2 /* Views */ = {
			isa = PBXGroup;
			children = (
				2250E5A12A1221CD00D001D2 /* Main.storyboard */,
			);
			path = Views;
			sourceTree = "<group>";
		};
		2250E5B52A1383A700D001D2 /* ViewModels */ = {
			isa = PBXGroup;
			children = (
				2250E5B32A13838D00D001D2 /* AuthViewModel.swift */,
				2250E5DF2A162F2100D001D2 /* HomeViewModel.swift */,
			);
			path = ViewModels;
			sourceTree = "<group>";
		};
		2250E5B82A1383EE00D001D2 /* Models */ = {
			isa = PBXGroup;
			children = (
				2250E5B62A1383B500D001D2 /* Article.swift */,
			);
			path = Models;
			sourceTree = "<group>";
		};
		2250E5D12A13A10700D001D2 /* Service */ = {
			isa = PBXGroup;
			children = (
				2250E5D22A13A13700D001D2 /* AuthService.swift */,
				2250E5D92A14EEB900D001D2 /* StorageService.swift */,
			);
			path = Service;
			sourceTree = "<group>";
		};
		2250E5EE2A19FA4300D001D2 /* SwiftUI */ = {
			isa = PBXGroup;
			children = (
				22DFC26E2A2097AD00B4869A /* components */,
				2274C72D2A1E05E600233B70 /* AddView.swift */,
				2250E5F12A1CB2CB00D001D2 /* DetailView.swift */,
				2274C72F2A1E18B000233B70 /* SettingsView.swift */,
				22DFC26A2A1F9C4100B4869A /* InfoView.swift */,
			);
			path = SwiftUI;
			sourceTree = "<group>";
		};
		2274C72C2A1E001C00233B70 /* Utils */ = {
			isa = PBXGroup;
			children = (
				2250E5CF2A13916F00D001D2 /* CryptoUtil.swift */,
				2274C7282A1DF26600233B70 /* Date+.swift */,
				2274C72A2A1E001800233B70 /* String+.swift */,
			);
			path = Utils;
			sourceTree = "<group>";
		};
		22DFC26E2A2097AD00B4869A /* components */ = {
			isa = PBXGroup;
			children = (
				22DFC26C2A20971300B4869A /* ArticleHeaderView.swift */,
			);
			path = components;
			sourceTree = "<group>";
		};
/* End PBXGroup section */

/* Begin PBXNativeTarget section */
		2250E5972A1221CD00D001D2 /* DailyRecord */ = {
			isa = PBXNativeTarget;
			buildConfigurationList = 2250E5AC2A1221CE00D001D2 /* Build configuration list for PBXNativeTarget "DailyRecord" */;
			buildPhases = (
				2250E5942A1221CD00D001D2 /* Sources */,
				2250E5952A1221CD00D001D2 /* Frameworks */,
				2250E5962A1221CD00D001D2 /* Resources */,
			);
			buildRules = (
			);
			dependencies = (
			);
			name = DailyRecord;
			packageProductDependencies = (
				2250E5C02A13885800D001D2 /* FirebaseAuth */,
				2250E5C42A13885800D001D2 /* FirebaseFirestore */,
				2250E5C82A13885800D001D2 /* FirebaseFirestoreSwift */,
				2250E5CA2A13885800D001D2 /* FirebaseStorage */,
				2250E5D52A13A19700D001D2 /* GoogleSignIn */,
				2250E5D72A13A19700D001D2 /* GoogleSignInSwift */,
			);
			productName = DailyRecord;
			productReference = 2250E5982A1221CD00D001D2 /* DailyRecord.app */;
			productType = "com.apple.product-type.application";
		};
/* End PBXNativeTarget section */

/* Begin PBXProject section */
		2250E5902A1221CD00D001D2 /* Project object */ = {
			isa = PBXProject;
			attributes = {
				BuildIndependentTargetsInParallel = 1;
				LastSwiftUpdateCheck = 1430;
				LastUpgradeCheck = 1430;
				TargetAttributes = {
					2250E5972A1221CD00D001D2 = {
						CreatedOnToolsVersion = 14.3;
					};
				};
			};
			buildConfigurationList = 2250E5932A1221CD00D001D2 /* Build configuration list for PBXProject "DailyRecord" */;
			compatibilityVersion = "Xcode 14.0";
			developmentRegion = en;
			hasScannedForEncodings = 0;
			knownRegions = (
				en,
				Base,
			);
			mainGroup = 2250E58F2A1221CD00D001D2;
			packageReferences = (
				2250E5BB2A13885700D001D2 /* XCRemoteSwiftPackageReference "firebase-ios-sdk" */,
				2250E5D42A13A19700D001D2 /* XCRemoteSwiftPackageReference "GoogleSignIn-iOS" */,
			);
			productRefGroup = 2250E5992A1221CD00D001D2 /* Products */;
			projectDirPath = "";
			projectRoot = "";
			targets = (
				2250E5972A1221CD00D001D2 /* DailyRecord */,
			);
		};
/* End PBXProject section */

/* Begin PBXResourcesBuildPhase section */
		2250E5962A1221CD00D001D2 /* Resources */ = {
			isa = PBXResourcesBuildPhase;
			buildActionMask = 2147483647;
			files = (
				2250E5A82A1221CE00D001D2 /* LaunchScreen.storyboard in Resources */,
				2250E5BA2A1387DD00D001D2 /* GoogleService-Info.plist in Resources */,
				2250E5A52A1221CE00D001D2 /* Assets.xcassets in Resources */,
				2250E5A32A1221CD00D001D2 /* Main.storyboard in Resources */,
			);
			runOnlyForDeploymentPostprocessing = 0;
		};
/* End PBXResourcesBuildPhase section */

/* Begin PBXSourcesBuildPhase section */
		2250E5942A1221CD00D001D2 /* Sources */ = {
			isa = PBXSourcesBuildPhase;
			buildActionMask = 2147483647;
			files = (
				2250E5B42A13838D00D001D2 /* AuthViewModel.swift in Sources */,
				2250E5D02A13916F00D001D2 /* CryptoUtil.swift in Sources */,
				2250E5F22A1CB2CB00D001D2 /* DetailView.swift in Sources */,
				2250E5DE2A16093E00D001D2 /* DiaryViewController.swift in Sources */,
				22DFC26B2A1F9C4100B4869A /* InfoView.swift in Sources */,
				2274C7302A1E18B000233B70 /* SettingsView.swift in Sources */,
				2250E5A02A1221CD00D001D2 /* HomeViewController.swift in Sources */,
				2250E5B72A1383B500D001D2 /* Article.swift in Sources */,
				2250E5B02A13830F00D001D2 /* LoginViewContoller.swift in Sources */,
				2274C72E2A1E05E600233B70 /* AddView.swift in Sources */,
				2250E5E02A162F2100D001D2 /* HomeViewModel.swift in Sources */,
				2250E59C2A1221CD00D001D2 /* AppDelegate.swift in Sources */,
				2274C72B2A1E001800233B70 /* String+.swift in Sources */,
				2250E59E2A1221CD00D001D2 /* SceneDelegate.swift in Sources */,
				22DFC26D2A20971300B4869A /* ArticleHeaderView.swift in Sources */,
				2274C7292A1DF26600233B70 /* Date+.swift in Sources */,
				2250E5DA2A14EEB900D001D2 /* StorageService.swift in Sources */,
				2250E5D32A13A13700D001D2 /* AuthService.swift in Sources */,
			);
			runOnlyForDeploymentPostprocessing = 0;
		};
/* End PBXSourcesBuildPhase section */

/* Begin PBXVariantGroup section */
		2250E5A12A1221CD00D001D2 /* Main.storyboard */ = {
			isa = PBXVariantGroup;
			children = (
				2250E5A22A1221CD00D001D2 /* Base */,
			);
			name = Main.storyboard;
			sourceTree = "<group>";
		};
		2250E5A62A1221CE00D001D2 /* LaunchScreen.storyboard */ = {
			isa = PBXVariantGroup;
			children = (
				2250E5A72A1221CE00D001D2 /* Base */,
			);
			name = LaunchScreen.storyboard;
			sourceTree = "<group>";
		};
/* End PBXVariantGroup section */

/* Begin XCBuildConfiguration section */
		2250E5AA2A1221CE00D001D2 /* Debug */ = {
			isa = XCBuildConfiguration;
			buildSettings = {
				ALWAYS_SEARCH_USER_PATHS = NO;
				CLANG_ANALYZER_NONNULL = YES;
				CLANG_ANALYZER_NUMBER_OBJECT_CONVERSION = YES_AGGRESSIVE;
				CLANG_CXX_LANGUAGE_STANDARD = "gnu++20";
				CLANG_ENABLE_MODULES = YES;
				CLANG_ENABLE_OBJC_ARC = YES;
				CLANG_ENABLE_OBJC_WEAK = YES;
				CLANG_WARN_BLOCK_CAPTURE_AUTORELEASING = YES;
				CLANG_WARN_BOOL_CONVERSION = YES;
				CLANG_WARN_COMMA = YES;
				CLANG_WARN_CONSTANT_CONVERSION = YES;
				CLANG_WARN_DEPRECATED_OBJC_IMPLEMENTATIONS = YES;
				CLANG_WARN_DIRECT_OBJC_ISA_USAGE = YES_ERROR;
				CLANG_WARN_DOCUMENTATION_COMMENTS = YES;
				CLANG_WARN_EMPTY_BODY = YES;
				CLANG_WARN_ENUM_CONVERSION = YES;
				CLANG_WARN_INFINITE_RECURSION = YES;
				CLANG_WARN_INT_CONVERSION = YES;
				CLANG_WARN_NON_LITERAL_NULL_CONVERSION = YES;
				CLANG_WARN_OBJC_IMPLICIT_RETAIN_SELF = YES;
				CLANG_WARN_OBJC_LITERAL_CONVERSION = YES;
				CLANG_WARN_OBJC_ROOT_CLASS = YES_ERROR;
				CLANG_WARN_QUOTED_INCLUDE_IN_FRAMEWORK_HEADER = YES;
				CLANG_WARN_RANGE_LOOP_ANALYSIS = YES;
				CLANG_WARN_STRICT_PROTOTYPES = YES;
				CLANG_WARN_SUSPICIOUS_MOVE = YES;
				CLANG_WARN_UNGUARDED_AVAILABILITY = YES_AGGRESSIVE;
				CLANG_WARN_UNREACHABLE_CODE = YES;
				CLANG_WARN__DUPLICATE_METHOD_MATCH = YES;
				COPY_PHASE_STRIP = NO;
				DEBUG_INFORMATION_FORMAT = dwarf;
				ENABLE_STRICT_OBJC_MSGSEND = YES;
				ENABLE_TESTABILITY = YES;
				GCC_C_LANGUAGE_STANDARD = gnu11;
				GCC_DYNAMIC_NO_PIC = NO;
				GCC_NO_COMMON_BLOCKS = YES;
				GCC_OPTIMIZATION_LEVEL = 0;
				GCC_PREPROCESSOR_DEFINITIONS = (
					"DEBUG=1",
					"$(inherited)",
				);
				GCC_WARN_64_TO_32_BIT_CONVERSION = YES;
				GCC_WARN_ABOUT_RETURN_TYPE = YES_ERROR;
				GCC_WARN_UNDECLARED_SELECTOR = YES;
				GCC_WARN_UNINITIALIZED_AUTOS = YES_AGGRESSIVE;
				GCC_WARN_UNUSED_FUNCTION = YES;
				GCC_WARN_UNUSED_VARIABLE = YES;
				IPHONEOS_DEPLOYMENT_TARGET = 16.4;
				MTL_ENABLE_DEBUG_INFO = INCLUDE_SOURCE;
				MTL_FAST_MATH = YES;
				ONLY_ACTIVE_ARCH = YES;
				SDKROOT = iphoneos;
				SWIFT_ACTIVE_COMPILATION_CONDITIONS = DEBUG;
				SWIFT_OPTIMIZATION_LEVEL = "-Onone";
			};
			name = Debug;
		};
		2250E5AB2A1221CE00D001D2 /* Release */ = {
			isa = XCBuildConfiguration;
			buildSettings = {
				ALWAYS_SEARCH_USER_PATHS = NO;
				CLANG_ANALYZER_NONNULL = YES;
				CLANG_ANALYZER_NUMBER_OBJECT_CONVERSION = YES_AGGRESSIVE;
				CLANG_CXX_LANGUAGE_STANDARD = "gnu++20";
				CLANG_ENABLE_MODULES = YES;
				CLANG_ENABLE_OBJC_ARC = YES;
				CLANG_ENABLE_OBJC_WEAK = YES;
				CLANG_WARN_BLOCK_CAPTURE_AUTORELEASING = YES;
				CLANG_WARN_BOOL_CONVERSION = YES;
				CLANG_WARN_COMMA = YES;
				CLANG_WARN_CONSTANT_CONVERSION = YES;
				CLANG_WARN_DEPRECATED_OBJC_IMPLEMENTATIONS = YES;
				CLANG_WARN_DIRECT_OBJC_ISA_USAGE = YES_ERROR;
				CLANG_WARN_DOCUMENTATION_COMMENTS = YES;
				CLANG_WARN_EMPTY_BODY = YES;
				CLANG_WARN_ENUM_CONVERSION = YES;
				CLANG_WARN_INFINITE_RECURSION = YES;
				CLANG_WARN_INT_CONVERSION = YES;
				CLANG_WARN_NON_LITERAL_NULL_CONVERSION = YES;
				CLANG_WARN_OBJC_IMPLICIT_RETAIN_SELF = YES;
				CLANG_WARN_OBJC_LITERAL_CONVERSION = YES;
				CLANG_WARN_OBJC_ROOT_CLASS = YES_ERROR;
				CLANG_WARN_QUOTED_INCLUDE_IN_FRAMEWORK_HEADER = YES;
				CLANG_WARN_RANGE_LOOP_ANALYSIS = YES;
				CLANG_WARN_STRICT_PROTOTYPES = YES;
				CLANG_WARN_SUSPICIOUS_MOVE = YES;
				CLANG_WARN_UNGUARDED_AVAILABILITY = YES_AGGRESSIVE;
				CLANG_WARN_UNREACHABLE_CODE = YES;
				CLANG_WARN__DUPLICATE_METHOD_MATCH = YES;
				COPY_PHASE_STRIP = NO;
				DEBUG_INFORMATION_FORMAT = "dwarf-with-dsym";
				ENABLE_NS_ASSERTIONS = NO;
				ENABLE_STRICT_OBJC_MSGSEND = YES;
				GCC_C_LANGUAGE_STANDARD = gnu11;
				GCC_NO_COMMON_BLOCKS = YES;
				GCC_WARN_64_TO_32_BIT_CONVERSION = YES;
				GCC_WARN_ABOUT_RETURN_TYPE = YES_ERROR;
				GCC_WARN_UNDECLARED_SELECTOR = YES;
				GCC_WARN_UNINITIALIZED_AUTOS = YES_AGGRESSIVE;
				GCC_WARN_UNUSED_FUNCTION = YES;
				GCC_WARN_UNUSED_VARIABLE = YES;
				IPHONEOS_DEPLOYMENT_TARGET = 16.4;
				MTL_ENABLE_DEBUG_INFO = NO;
				MTL_FAST_MATH = YES;
				SDKROOT = iphoneos;
				SWIFT_COMPILATION_MODE = wholemodule;
				SWIFT_OPTIMIZATION_LEVEL = "-O";
				VALIDATE_PRODUCT = YES;
			};
			name = Release;
		};
		2250E5AD2A1221CE00D001D2 /* Debug */ = {
			isa = XCBuildConfiguration;
			buildSettings = {
				ASSETCATALOG_COMPILER_APPICON_NAME = AppIcon;
				ASSETCATALOG_COMPILER_GLOBAL_ACCENT_COLOR_NAME = AccentColor;
				CODE_SIGN_ENTITLEMENTS = DailyRecord/DailyRecord.entitlements;
				CODE_SIGN_STYLE = Automatic;
				CURRENT_PROJECT_VERSION = 1;
				DEVELOPMENT_TEAM = UUYBHY988H;
				GENERATE_INFOPLIST_FILE = YES;
				INFOPLIST_FILE = DailyRecord/Info.plist;
				INFOPLIST_KEY_UIApplicationSupportsIndirectInputEvents = YES;
				INFOPLIST_KEY_UILaunchStoryboardName = LaunchScreen;
				INFOPLIST_KEY_UIMainStoryboardFile = Main;
				INFOPLIST_KEY_UISupportedInterfaceOrientations_iPad = "UIInterfaceOrientationPortrait UIInterfaceOrientationPortraitUpsideDown UIInterfaceOrientationLandscapeLeft UIInterfaceOrientationLandscapeRight";
				INFOPLIST_KEY_UISupportedInterfaceOrientations_iPhone = "UIInterfaceOrientationPortrait UIInterfaceOrientationLandscapeLeft UIInterfaceOrientationLandscapeRight";
				LD_RUNPATH_SEARCH_PATHS = (
					"$(inherited)",
					"@executable_path/Frameworks",
				);
				MARKETING_VERSION = 1.0;
				PRODUCT_BUNDLE_IDENTIFIER = com.justhm.DailyRecord;
				PRODUCT_NAME = "$(TARGET_NAME)";
				SWIFT_EMIT_LOC_STRINGS = YES;
				SWIFT_VERSION = 5.0;
				TARGETED_DEVICE_FAMILY = "1,2";
			};
			name = Debug;
		};
		2250E5AE2A1221CE00D001D2 /* Release */ = {
			isa = XCBuildConfiguration;
			buildSettings = {
				ASSETCATALOG_COMPILER_APPICON_NAME = AppIcon;
				ASSETCATALOG_COMPILER_GLOBAL_ACCENT_COLOR_NAME = AccentColor;
				CODE_SIGN_ENTITLEMENTS = DailyRecord/DailyRecord.entitlements;
				CODE_SIGN_STYLE = Automatic;
				CURRENT_PROJECT_VERSION = 1;
				DEVELOPMENT_TEAM = UUYBHY988H;
				GENERATE_INFOPLIST_FILE = YES;
				INFOPLIST_FILE = DailyRecord/Info.plist;
				INFOPLIST_KEY_UIApplicationSupportsIndirectInputEvents = YES;
				INFOPLIST_KEY_UILaunchStoryboardName = LaunchScreen;
				INFOPLIST_KEY_UIMainStoryboardFile = Main;
				INFOPLIST_KEY_UISupportedInterfaceOrientations_iPad = "UIInterfaceOrientationPortrait UIInterfaceOrientationPortraitUpsideDown UIInterfaceOrientationLandscapeLeft UIInterfaceOrientationLandscapeRight";
				INFOPLIST_KEY_UISupportedInterfaceOrientations_iPhone = "UIInterfaceOrientationPortrait UIInterfaceOrientationLandscapeLeft UIInterfaceOrientationLandscapeRight";
				LD_RUNPATH_SEARCH_PATHS = (
					"$(inherited)",
					"@executable_path/Frameworks",
				);
				MARKETING_VERSION = 1.0;
				PRODUCT_BUNDLE_IDENTIFIER = com.justhm.DailyRecord;
				PRODUCT_NAME = "$(TARGET_NAME)";
				SWIFT_EMIT_LOC_STRINGS = YES;
				SWIFT_VERSION = 5.0;
				TARGETED_DEVICE_FAMILY = "1,2";
			};
			name = Release;
		};
/* End XCBuildConfiguration section */

/* Begin XCConfigurationList section */
		2250E5932A1221CD00D001D2 /* Build configuration list for PBXProject "DailyRecord" */ = {
			isa = XCConfigurationList;
			buildConfigurations = (
				2250E5AA2A1221CE00D001D2 /* Debug */,
				2250E5AB2A1221CE00D001D2 /* Release */,
			);
			defaultConfigurationIsVisible = 0;
			defaultConfigurationName = Release;
		};
		2250E5AC2A1221CE00D001D2 /* Build configuration list for PBXNativeTarget "DailyRecord" */ = {
			isa = XCConfigurationList;
			buildConfigurations = (
				2250E5AD2A1221CE00D001D2 /* Debug */,
				2250E5AE2A1221CE00D001D2 /* Release */,
			);
			defaultConfigurationIsVisible = 0;
			defaultConfigurationName = Release;
		};
/* End XCConfigurationList section */

/* Begin XCRemoteSwiftPackageReference section */
		2250E5BB2A13885700D001D2 /* XCRemoteSwiftPackageReference "firebase-ios-sdk" */ = {
			isa = XCRemoteSwiftPackageReference;
			repositoryURL = "https://github.com/firebase/firebase-ios-sdk";
			requirement = {
				kind = upToNextMajorVersion;
				minimumVersion = 10.0.0;
			};
		};
		2250E5D42A13A19700D001D2 /* XCRemoteSwiftPackageReference "GoogleSignIn-iOS" */ = {
			isa = XCRemoteSwiftPackageReference;
			repositoryURL = "https://github.com/google/GoogleSignIn-iOS";
			requirement = {
				kind = upToNextMajorVersion;
				minimumVersion = 7.0.0;
			};
		};
/* End XCRemoteSwiftPackageReference section */

/* Begin XCSwiftPackageProductDependency section */
		2250E5C02A13885800D001D2 /* FirebaseAuth */ = {
			isa = XCSwiftPackageProductDependency;
			package = 2250E5BB2A13885700D001D2 /* XCRemoteSwiftPackageReference "firebase-ios-sdk" */;
			productName = FirebaseAuth;
		};
		2250E5C42A13885800D001D2 /* FirebaseFirestore */ = {
			isa = XCSwiftPackageProductDependency;
			package = 2250E5BB2A13885700D001D2 /* XCRemoteSwiftPackageReference "firebase-ios-sdk" */;
			productName = FirebaseFirestore;
		};
		2250E5C82A13885800D001D2 /* FirebaseFirestoreSwift */ = {
			isa = XCSwiftPackageProductDependency;
			package = 2250E5BB2A13885700D001D2 /* XCRemoteSwiftPackageReference "firebase-ios-sdk" */;
			productName = FirebaseFirestoreSwift;
		};
		2250E5CA2A13885800D001D2 /* FirebaseStorage */ = {
			isa = XCSwiftPackageProductDependency;
			package = 2250E5BB2A13885700D001D2 /* XCRemoteSwiftPackageReference "firebase-ios-sdk" */;
			productName = FirebaseStorage;
		};
		2250E5D52A13A19700D001D2 /* GoogleSignIn */ = {
			isa = XCSwiftPackageProductDependency;
			package = 2250E5D42A13A19700D001D2 /* XCRemoteSwiftPackageReference "GoogleSignIn-iOS" */;
			productName = GoogleSignIn;
		};
		2250E5D72A13A19700D001D2 /* GoogleSignInSwift */ = {
			isa = XCSwiftPackageProductDependency;
			package = 2250E5D42A13A19700D001D2 /* XCRemoteSwiftPackageReference "GoogleSignIn-iOS" */;
			productName = GoogleSignInSwift;
		};
/* End XCSwiftPackageProductDependency section */
	};
	rootObject = 2250E5902A1221CD00D001D2 /* Project object */;
}
